
Microsoft Visual Studio Solution File, Format Version 12.00
# Visual Studio 15
VisualStudioVersion = 15.0.28307.489
MinimumVisualStudioVersion = 10.0.40219.1
Project("{FAE04EC0-301F-11D3-BF4B-00C04F79EFBC}") = "Gatherman.Android", "Gatherman\Gatherman.Android\Gatherman.Android.csproj", "{2C036C39-D07F-44F9-B57F-33EE6D2AF062}"
EndProject
Project("{FAE04EC0-301F-11D3-BF4B-00C04F79EFBC}") = "Gatherman.iOS", "Gatherman\Gatherman.iOS\Gatherman.iOS.csproj", "{671D24B0-B823-48F1-B594-12FB085F4CA2}"
EndProject
Project("{FAE04EC0-301F-11D3-BF4B-00C04F79EFBC}") = "Gatherman", "Gatherman\Gatherman\Gatherman.csproj", "{19F32852-5E4B-496A-AD26-C04CDB485B74}"
EndProject
Global
	GlobalSection(SolutionConfigurationPlatforms) = preSolution
		Ad-Hoc|Any CPU = Ad-Hoc|Any CPU
		Ad-Hoc|iPhone = Ad-Hoc|iPhone
		Ad-Hoc|iPhoneSimulator = Ad-Hoc|iPhoneSimulator
		AppStore|Any CPU = AppStore|Any CPU
		AppStore|iPhone = AppStore|iPhone
		AppStore|iPhoneSimulator = AppStore|iPhoneSimulator
		Debug|Any CPU = Debug|Any CPU
		Debug|iPhone = Debug|iPhone
		Debug|iPhoneSimulator = Debug|iPhoneSimulator
		Release|Any CPU = Release|Any CPU
		Release|iPhone = Release|iPhone
		Release|iPhoneSimulator = Release|iPhoneSimulator
	EndGlobalSection
	GlobalSection(ProjectConfigurationPlatforms) = postSolution
		{2C036C39-D07F-44F9-B57F-33EE6D2AF062}.Ad-Hoc|Any CPU.ActiveCfg = Release|Any CPU
		{2C036C39-D07F-44F9-B57F-33EE6D2AF062}.Ad-Hoc|Any CPU.Build.0 = Release|Any CPU
		{2C036C39-D07F-44F9-B57F-33EE6D2AF062}.Ad-Hoc|Any CPU.Deploy.0 = Release|Any CPU
		{2C036C39-D07F-44F9-B57F-33EE6D2AF062}.Ad-Hoc|iPhone.ActiveCfg = Release|Any CPU
		{2C036C39-D07F-44F9-B57F-33EE6D2AF062}.Ad-Hoc|iPhone.Build.0 = Release|Any CPU
		{2C036C39-D07F-44F9-B57F-33EE6D2AF062}.Ad-Hoc|iPhone.Deploy.0 = Release|Any CPU
		{2C036C39-D07F-44F9-B57F-33EE6D2AF062}.Ad-Hoc|iPhoneSimulator.ActiveCfg = Release|Any CPU
		{2C036C39-D07F-44F9-B57F-33EE6D2AF062}.Ad-Hoc|iPhoneSimulator.Build.0 = Release|Any CPU
		{2C036C39-D07F-44F9-B57F-33EE6D2AF062}.Ad-Hoc|iPhoneSimulator.Deploy.0 = Release|Any CPU
		{2C036C39-D07F-44F9-B57F-33EE6D2AF062}.AppStore|Any CPU.ActiveCfg = Release|Any CPU
		{2C036C39-D07F-44F9-B57F-33EE6D2AF062}.AppStore|Any CPU.Build.0 = Release|Any CPU
		{2C036C39-D07F-44F9-B57F-33EE6D2AF062}.AppStore|Any CPU.Deploy.0 = Release|Any CPU
		{2C036C39-D07F-44F9-B57F-33EE6D2AF062}.AppStore|iPhone.ActiveCfg = Release|Any CPU
		{2C036C39-D07F-44F9-B57F-33EE6D2AF062}.AppStore|iPhone.Build.0 = Release|Any CPU
		{2C036C39-D07F-44F9-B57F-33EE6D2AF062}.AppStore|iPhone.Deploy.0 = Release|Any CPU
		{2C036C39-D07F-44F9-B57F-33EE6D2AF062}.AppStore|iPhoneSimulator.ActiveCfg = Release|Any CPU
		{2C036C39-D07F-44F9-B57F-33EE6D2AF062}.AppStore|iPhoneSimulator.Build.0 = Release|Any CPU
		{2C036C39-D07F-44F9-B57F-33EE6D2AF062}.AppStore|iPhoneSimulator.Deploy.0 = Release|Any CPU
		{2C036C39-D07F-44F9-B57F-33EE6D2AF062}.Debug|Any CPU.ActiveCfg = Debug|Any CPU
		{2C036C39-D07F-44F9-B57F-33EE6D2AF062}.Debug|Any CPU.Build.0 = Debug|Any CPU
		{2C036C39-D07F-44F9-B57F-33EE6D2AF062}.Debug|Any CPU.Deploy.0 = Debug|Any CPU
		{2C036C39-D07F-44F9-B57F-33EE6D2AF062}.Debug|iPhone.ActiveCfg = Debug|Any CPU
		{2C036C39-D07F-44F9-B57F-33EE6D2AF062}.Debug|iPhone.Build.0 = Debug|Any CPU
		{2C036C39-D07F-44F9-B57F-33EE6D2AF062}.Debug|iPhone.Deploy.0 = Debug|Any CPU
		{2C036C39-D07F-44F9-B57F-33EE6D2AF062}.Debug|iPhoneSimulator.ActiveCfg = Debug|Any CPU
		{2C036C39-D07F-44F9-B57F-33EE6D2AF062}.Debug|iPhoneSimulator.Build.0 = Debug|Any CPU
		{2C036C39-D07F-44F9-B57F-33EE6D2AF062}.Debug|iPhoneSimulator.Deploy.0 = Debug|Any CPU
		{2C036C39-D07F-44F9-B57F-33EE6D2AF062}.Release|Any CPU.ActiveCfg = Release|Any CPU
		{2C036C39-D07F-44F9-B57F-33EE6D2AF062}.Release|Any CPU.Build.0 = Release|Any CPU
		{2C036C39-D07F-44F9-B57F-33EE6D2AF062}.Release|Any CPU.Deploy.0 = Release|Any CPU
		{2C036C39-D07F-44F9-B57F-33EE6D2AF062}.Release|iPhone.ActiveCfg = Release|Any CPU
		{2C036C39-D07F-44F9-B57F-33EE6D2AF062}.Release|iPhone.Build.0 = Release|Any CPU
		{2C036C39-D07F-44F9-B57F-33EE6D2AF062}.Release|iPhone.Deploy.0 = Release|Any CPU
		{2C036C39-D07F-44F9-B57F-33EE6D2AF062}.Release|iPhoneSimulator.ActiveCfg = Release|Any CPU
		{2C036C39-D07F-44F9-B57F-33EE6D2AF062}.Release|iPhoneSimulator.Build.0 = Release|Any CPU
		{2C036C39-D07F-44F9-B57F-33EE6D2AF062}.Release|iPhoneSimulator.Deploy.0 = Release|Any CPU
		{671D24B0-B823-48F1-B594-12FB085F4CA2}.Ad-Hoc|Any CPU.ActiveCfg = Ad-Hoc|iPhone
		{671D24B0-B823-48F1-B594-12FB085F4CA2}.Ad-Hoc|Any CPU.Build.0 = Ad-Hoc|iPhone
		{671D24B0-B823-48F1-B594-12FB085F4CA2}.Ad-Hoc|Any CPU.Deploy.0 = Ad-Hoc|iPhone
		{671D24B0-B823-48F1-B594-12FB085F4CA2}.Ad-Hoc|iPhone.ActiveCfg = Ad-Hoc|iPhone
		{671D24B0-B823-48F1-B594-12FB085F4CA2}.Ad-Hoc|iPhone.Build.0 = Ad-Hoc|iPhone
		{671D24B0-B823-48F1-B594-12FB085F4CA2}.Ad-Hoc|iPhone.Deploy.0 = Ad-Hoc|iPhone
		{671D24B0-B823-48F1-B594-12FB085F4CA2}.Ad-Hoc|iPhoneSimulator.ActiveCfg = Ad-Hoc|iPhoneSimulator
		{671D24B0-B823-48F1-B594-12FB085F4CA2}.Ad-Hoc|iPhoneSimulator.Build.0 = Ad-Hoc|iPhoneSimulator
		{671D24B0-B823-48F1-B594-12FB085F4CA2}.Ad-Hoc|iPhoneSimulator.Deploy.0 = Ad-Hoc|iPhoneSimulator
		{671D24B0-B823-48F1-B594-12FB085F4CA2}.AppStore|Any CPU.ActiveCfg = AppStore|iPhone
		{671D24B0-B823-48F1-B594-12FB085F4CA2}.AppStore|Any CPU.Build.0 = AppStore|iPhone
		{671D24B0-B823-48F1-B594-12FB085F4CA2}.AppStore|Any CPU.Deploy.0 = AppStore|iPhone
		{671D24B0-B823-48F1-B594-12FB085F4CA2}.AppStore|iPhone.ActiveCfg = AppStore|iPhone
		{671D24B0-B823-48F1-B594-12FB085F4CA2}.AppStore|iPhone.Build.0 = AppStore|iPhone
		{671D24B0-B823-48F1-B594-12FB085F4CA2}.AppStore|iPhone.Deploy.0 = AppStore|iPhone
		{671D24B0-B823-48F1-B594-12FB085F4CA2}.AppStore|iPhoneSimulator.ActiveCfg = AppStore|iPhoneSimulator
		{671D24B0-B823-48F1-B594-12FB085F4CA2}.AppStore|iPhoneSimulator.Build.0 = AppStore|iPhoneSimulator
		{671D24B0-B823-48F1-B594-12FB085F4CA2}.AppStore|iPhoneSimulator.Deploy.0 = AppStore|iPhoneSimulator
		{671D24B0-B823-48F1-B594-12FB085F4CA2}.Debug|Any CPU.ActiveCfg = Debug|iPhoneSimulator
		{671D24B0-B823-48F1-B594-12FB085F4CA2}.Debug|Any CPU.Build.0 = Debug|iPhoneSimulator
		{671D24B0-B823-48F1-B594-12FB085F4CA2}.Debug|Any CPU.Deploy.0 = Debug|iPhoneSimulator
		{671D24B0-B823-48F1-B594-12FB085F4CA2}.Debug|iPhone.ActiveCfg = Debug|iPhone
		{671D24B0-B823-48F1-B594-12FB085F4CA2}.Debug|iPhone.Build.0 = Debug|iPhone
		{671D24B0-B823-48F1-B594-12FB085F4CA2}.Debug|iPhone.Deploy.0 = Debug|iPhone
		{671D24B0-B823-48F1-B594-12FB085F4CA2}.Debug|iPhoneSimulator.ActiveCfg = Debug|iPhoneSimulator
		{671D24B0-B823-48F1-B594-12FB085F4CA2}.Debug|iPhoneSimulator.Build.0 = Debug|iPhoneSimulator
		{671D24B0-B823-48F1-B594-12FB085F4CA2}.Debug|iPhoneSimulator.Deploy.0 = Debug|iPhoneSimulator
		{671D24B0-B823-48F1-B594-12FB085F4CA2}.Release|Any CPU.ActiveCfg = Release|iPhone
		{671D24B0-B823-48F1-B594-12FB085F4CA2}.Release|Any CPU.Build.0 = Release|iPhone
		{671D24B0-B823-48F1-B594-12FB085F4CA2}.Release|Any CPU.Deploy.0 = Release|iPhone
		{671D24B0-B823-48F1-B594-12FB085F4CA2}.Release|iPhone.ActiveCfg = Release|iPhone
		{671D24B0-B823-48F1-B594-12FB085F4CA2}.Release|iPhone.Build.0 = Release|iPhone
		{671D24B0-B823-48F1-B594-12FB085F4CA2}.Release|iPhone.Deploy.0 = Release|iPhone
		{671D24B0-B823-48F1-B594-12FB085F4CA2}.Release|iPhoneSimulator.ActiveCfg = Release|iPhoneSimulator
		{671D24B0-B823-48F1-B594-12FB085F4CA2}.Release|iPhoneSimulator.Build.0 = Release|iPhoneSimulator
		{671D24B0-B823-48F1-B594-12FB085F4CA2}.Release|iPhoneSimulator.Deploy.0 = Release|iPhoneSimulator
		{19F32852-5E4B-496A-AD26-C04CDB485B74}.Ad-Hoc|Any CPU.ActiveCfg = Debug|Any CPU
		{19F32852-5E4B-496A-AD26-C04CDB485B74}.Ad-Hoc|Any CPU.Build.0 = Debug|Any CPU
		{19F32852-5E4B-496A-AD26-C04CDB485B74}.Ad-Hoc|Any CPU.Deploy.0 = Debug|Any CPU
		{19F32852-5E4B-496A-AD26-C04CDB485B74}.Ad-Hoc|iPhone.ActiveCfg = Debug|Any CPU
		{19F32852-5E4B-496A-AD26-C04CDB485B74}.Ad-Hoc|iPhone.Build.0 = Debug|Any CPU
		{19F32852-5E4B-496A-AD26-C04CDB485B74}.Ad-Hoc|iPhone.Deploy.0 = Debug|Any CPU
		{19F32852-5E4B-496A-AD26-C04CDB485B74}.Ad-Hoc|iPhoneSimulator.ActiveCfg = Debug|Any CPU
		{19F32852-5E4B-496A-AD26-C04CDB485B74}.Ad-Hoc|iPhoneSimulator.Build.0 = Debug|Any CPU
		{19F32852-5E4B-496A-AD26-C04CDB485B74}.Ad-Hoc|iPhoneSimulator.Deploy.0 = Debug|Any CPU
		{19F32852-5E4B-496A-AD26-C04CDB485B74}.AppStore|Any CPU.ActiveCfg = Debug|Any CPU
		{19F32852-5E4B-496A-AD26-C04CDB485B74}.AppStore|Any CPU.Build.0 = Debug|Any CPU
		{19F32852-5E4B-496A-AD26-C04CDB485B74}.AppStore|Any CPU.Deploy.0 = Debug|Any CPU
		{19F32852-5E4B-496A-AD26-C04CDB485B74}.AppStore|iPhone.ActiveCfg = Debug|Any CPU
		{19F32852-5E4B-496A-AD26-C04CDB485B74}.AppStore|iPhone.Build.0 = Debug|Any CPU
		{19F32852-5E4B-496A-AD26-C04CDB485B74}.AppStore|iPhone.Deploy.0 = Debug|Any CPU
		{19F32852-5E4B-496A-AD26-C04CDB485B74}.AppStore|iPhoneSimulator.ActiveCfg = Debug|Any CPU
		{19F32852-5E4B-496A-AD26-C04CDB485B74}.AppStore|iPhoneSimulator.Build.0 = Debug|Any CPU
		{19F32852-5E4B-496A-AD26-C04CDB485B74}.AppStore|iPhoneSimulator.Deploy.0 = Debug|Any CPU
		{19F32852-5E4B-496A-AD26-C04CDB485B74}.Debug|Any CPU.ActiveCfg = Debug|Any CPU
		{19F32852-5E4B-496A-AD26-C04CDB485B74}.Debug|Any CPU.Build.0 = Debug|Any CPU
		{19F32852-5E4B-496A-AD26-C04CDB485B74}.Debug|Any CPU.Deploy.0 = Debug|Any CPU
		{19F32852-5E4B-496A-AD26-C04CDB485B74}.Debug|iPhone.ActiveCfg = Debug|Any CPU
		{19F32852-5E4B-496A-AD26-C04CDB485B74}.Debug|iPhone.Build.0 = Debug|Any CPU
		{19F32852-5E4B-496A-AD26-C04CDB485B74}.Debug|iPhone.Deploy.0 = Debug|Any CPU
		{19F32852-5E4B-496A-AD26-C04CDB485B74}.Debug|iPhoneSimulator.ActiveCfg = Debug|Any CPU
		{19F32852-5E4B-496A-AD26-C04CDB485B74}.Debug|iPhoneSimulator.Build.0 = Debug|Any CPU
		{19F32852-5E4B-496A-AD26-C04CDB485B74}.Debug|iPhoneSimulator.Deploy.0 = Debug|Any CPU
		{19F32852-5E4B-496A-AD26-C04CDB485B74}.Release|Any CPU.ActiveCfg = Release|Any CPU
		{19F32852-5E4B-496A-AD26-C04CDB485B74}.Release|Any CPU.Build.0 = Release|Any CPU
		{19F32852-5E4B-496A-AD26-C04CDB485B74}.Release|Any CPU.Deploy.0 = Release|Any CPU
		{19F32852-5E4B-496A-AD26-C04CDB485B74}.Release|iPhone.ActiveCfg = Release|Any CPU
		{19F32852-5E4B-496A-AD26-C04CDB485B74}.Release|iPhone.Build.0 = Release|Any CPU
		{19F32852-5E4B-496A-AD26-C04CDB485B74}.Release|iPhone.Deploy.0 = Release|Any CPU
		{19F32852-5E4B-496A-AD26-C04CDB485B74}.Release|iPhoneSimulator.ActiveCfg = Release|Any CPU
		{19F32852-5E4B-496A-AD26-C04CDB485B74}.Release|iPhoneSimulator.Build.0 = Release|Any CPU
		{19F32852-5E4B-496A-AD26-C04CDB485B74}.Release|iPhoneSimulator.Deploy.0 = Release|Any CPU
	EndGlobalSection
	GlobalSection(SolutionProperties) = preSolution
		HideSolutionNode = FALSE
	EndGlobalSection
	GlobalSection(ExtensibilityGlobals) = postSolution
		SolutionGuid = {46F0992E-DC53-4C5F-8206-9CD151D8EF03}
	EndGlobalSection
EndGlobal
